{
  "name": "enrondev-website",
  "version": "1.0.0",
  "lockfileVersion": 2,
  "requires": true,
  "packages": {
    "": {
      "name": "enrondev-website",
      "version": "1.0.0",
      "license": "ISC",
      "dependencies": {
        "particles.js": "^2.0.0",
        "tsparticles": "^1.39.2"
      }
    },
    "node_modules/tsparticles": {
      "version": "1.39.2",
      "resolved": "https://registry.npmjs.org/tsparticles/-/tsparticles-1.39.2.tgz",
      "integrity": "sha512-ClhuRuruVoR0ijj4fA8tmV+dRgGymMNqcBlvYu2gKUUIXRAkQRJrRfzqHqHY9eHqC/7gXEr6yUTNHs2vvvvUqw==",
      "hasInstallScript": true,
      "funding": {
        "type": "github",
        "url": "https://github.com/sponsors/matteobruni"
      }
    }
  },
  "dependencies": {
    "tsparticles": {
      "version": "1.39.2",
      "resolved": "https://registry.npmjs.org/tsparticles/-/tsparticles-1.39.2.tgz",
      "integrity": "sha512-ClhuRuruVoR0ijj4fA8tmV+dRgGymMNqcBlvYu2gKUUIXRAkQRJrRfzqHqHY9eHqC/7gXEr6yUTNHs2vvvvUqw=="
    }
  }
}
